
Microsoft Visual Studio Solution File, Format Version 12.00
# Visual Studio 15
VisualStudioVersion = 15.0.26730.16
MinimumVisualStudioVersion = 10.0.40219.1
Project("{FAE04EC0-301F-11D3-BF4B-00C04F79EFBC}") = "CodingDojo6", "CodingDojo6\CodingDojo6.csproj", "{58681059-38E6-4D70-BAD7-5F05EEFC4CDA}"
EndProject
Project("{FAE04EC0-301F-11D3-BF4B-00C04F79EFBC}") = "MessageBar", "MessageBar\MessageBar.csproj", "{0F6D4885-32D2-428B-9406-52288AE708D8}"
EndProject
Global
	GlobalSection(SolutionConfigurationPlatforms) = preSolution
		Debug|Any CPU = Debug|Any CPU
		Release|Any CPU = Release|Any CPU
	EndGlobalSection
	GlobalSection(ProjectConfigurationPlatforms) = postSolution
		{58681059-38E6-4D70-BAD7-5F05EEFC4CDA}.Debug|Any CPU.ActiveCfg = Debug|Any CPU
		{58681059-38E6-4D70-BAD7-5F05EEFC4CDA}.Debug|Any CPU.Build.0 = Debug|Any CPU
		{58681059-38E6-4D70-BAD7-5F05EEFC4CDA}.Release|Any CPU.ActiveCfg = Release|Any CPU
		{58681059-38E6-4D70-BAD7-5F05EEFC4CDA}.Release|Any CPU.Build.0 = Release|Any CPU
		{0F6D4885-32D2-428B-9406-52288AE708D8}.Debug|Any CPU.ActiveCfg = Debug|Any CPU
		{0F6D4885-32D2-428B-9406-52288AE708D8}.Debug|Any CPU.Build.0 = Debug|Any CPU
		{0F6D4885-32D2-428B-9406-52288AE708D8}.Release|Any CPU.ActiveCfg = Release|Any CPU
		{0F6D4885-32D2-428B-9406-52288AE708D8}.Release|Any CPU.Build.0 = Release|Any CPU
	EndGlobalSection
	GlobalSection(SolutionProperties) = preSolution
		HideSolutionNode = FALSE
	EndGlobalSection
	GlobalSection(ExtensibilityGlobals) = postSolution
		SolutionGuid = {CE655BFE-CCBD-4D46-B574-D7856FB7F48D}
	EndGlobalSection
EndGlobal
